
Microsoft Visual Studio Solution File, Format Version 12.00
# Visual Studio Version 17
VisualStudioVersion = 17.0.31903.59
MinimumVisualStudioVersion = 10.0.40219.1
Project("{FAE04EC0-301F-11D3-BF4B-00C04F79EFBC}") = "Domain", "Domain\Domain.csproj", "{B0BDC3A6-C35E-4E4E-B144-42803712F7EA}"
EndProject
Project("{FAE04EC0-301F-11D3-BF4B-00C04F79EFBC}") = "Application", "Application\Application.csproj", "{D6B44D14-8CDB-4852-A846-51C517BA7F13}"
EndProject
Project("{FAE04EC0-301F-11D3-BF4B-00C04F79EFBC}") = "Infrastructure", "Infrastructure\Infrastructure.csproj", "{5F69499B-D5AF-4788-ADD9-EE5BCA75FD2A}"
EndProject
Project("{FAE04EC0-301F-11D3-BF4B-00C04F79EFBC}") = "WebAPI", "WebAPI\WebAPI.csproj", "{F301255F-2A67-4B8E-9F0F-7BC0A7D1C972}"
EndProject
Project("{2150E333-8FDC-42A3-9474-1A3956D46DE8}") = "Solution Items", "Solution Items", "{8EC462FD-D22E-90A8-E5CE-7E832BA40C5D}"
	ProjectSection(SolutionItems) = preProject
		Directory.Packages.props = Directory.Packages.props
		XMLFile1.xml = XMLFile1.xml
	EndProjectSection
EndProject
Global
	GlobalSection(SolutionConfigurationPlatforms) = preSolution
		Debug|Any CPU = Debug|Any CPU
		Debug|x64 = Debug|x64
		Debug|x86 = Debug|x86
		Release|Any CPU = Release|Any CPU
		Release|x64 = Release|x64
		Release|x86 = Release|x86
	EndGlobalSection
	GlobalSection(ProjectConfigurationPlatforms) = postSolution
		{B0BDC3A6-C35E-4E4E-B144-42803712F7EA}.Debug|Any CPU.ActiveCfg = Debug|Any CPU
		{B0BDC3A6-C35E-4E4E-B144-42803712F7EA}.Debug|Any CPU.Build.0 = Debug|Any CPU
		{B0BDC3A6-C35E-4E4E-B144-42803712F7EA}.Debug|x64.ActiveCfg = Debug|Any CPU
		{B0BDC3A6-C35E-4E4E-B144-42803712F7EA}.Debug|x64.Build.0 = Debug|Any CPU
		{B0BDC3A6-C35E-4E4E-B144-42803712F7EA}.Debug|x86.ActiveCfg = Debug|Any CPU
		{B0BDC3A6-C35E-4E4E-B144-42803712F7EA}.Debug|x86.Build.0 = Debug|Any CPU
		{B0BDC3A6-C35E-4E4E-B144-42803712F7EA}.Release|Any CPU.ActiveCfg = Release|Any CPU
		{B0BDC3A6-C35E-4E4E-B144-42803712F7EA}.Release|Any CPU.Build.0 = Release|Any CPU
		{B0BDC3A6-C35E-4E4E-B144-42803712F7EA}.Release|x64.ActiveCfg = Release|Any CPU
		{B0BDC3A6-C35E-4E4E-B144-42803712F7EA}.Release|x64.Build.0 = Release|Any CPU
		{B0BDC3A6-C35E-4E4E-B144-42803712F7EA}.Release|x86.ActiveCfg = Release|Any CPU
		{B0BDC3A6-C35E-4E4E-B144-42803712F7EA}.Release|x86.Build.0 = Release|Any CPU
		{D6B44D14-8CDB-4852-A846-51C517BA7F13}.Debug|Any CPU.ActiveCfg = Debug|Any CPU
		{D6B44D14-8CDB-4852-A846-51C517BA7F13}.Debug|Any CPU.Build.0 = Debug|Any CPU
		{D6B44D14-8CDB-4852-A846-51C517BA7F13}.Debug|x64.ActiveCfg = Debug|Any CPU
		{D6B44D14-8CDB-4852-A846-51C517BA7F13}.Debug|x64.Build.0 = Debug|Any CPU
		{D6B44D14-8CDB-4852-A846-51C517BA7F13}.Debug|x86.ActiveCfg = Debug|Any CPU
		{D6B44D14-8CDB-4852-A846-51C517BA7F13}.Debug|x86.Build.0 = Debug|Any CPU
		{D6B44D14-8CDB-4852-A846-51C517BA7F13}.Release|Any CPU.ActiveCfg = Release|Any CPU
		{D6B44D14-8CDB-4852-A846-51C517BA7F13}.Release|Any CPU.Build.0 = Release|Any CPU
		{D6B44D14-8CDB-4852-A846-51C517BA7F13}.Release|x64.ActiveCfg = Release|Any CPU
		{D6B44D14-8CDB-4852-A846-51C517BA7F13}.Release|x64.Build.0 = Release|Any CPU
		{D6B44D14-8CDB-4852-A846-51C517BA7F13}.Release|x86.ActiveCfg = Release|Any CPU
		{D6B44D14-8CDB-4852-A846-51C517BA7F13}.Release|x86.Build.0 = Release|Any CPU
		{5F69499B-D5AF-4788-ADD9-EE5BCA75FD2A}.Debug|Any CPU.ActiveCfg = Debug|Any CPU
		{5F69499B-D5AF-4788-ADD9-EE5BCA75FD2A}.Debug|Any CPU.Build.0 = Debug|Any CPU
		{5F69499B-D5AF-4788-ADD9-EE5BCA75FD2A}.Debug|x64.ActiveCfg = Debug|Any CPU
		{5F69499B-D5AF-4788-ADD9-EE5BCA75FD2A}.Debug|x64.Build.0 = Debug|Any CPU
		{5F69499B-D5AF-4788-ADD9-EE5BCA75FD2A}.Debug|x86.ActiveCfg = Debug|Any CPU
		{5F69499B-D5AF-4788-ADD9-EE5BCA75FD2A}.Debug|x86.Build.0 = Debug|Any CPU
		{5F69499B-D5AF-4788-ADD9-EE5BCA75FD2A}.Release|Any CPU.ActiveCfg = Release|Any CPU
		{5F69499B-D5AF-4788-ADD9-EE5BCA75FD2A}.Release|Any CPU.Build.0 = Release|Any CPU
		{5F69499B-D5AF-4788-ADD9-EE5BCA75FD2A}.Release|x64.ActiveCfg = Release|Any CPU
		{5F69499B-D5AF-4788-ADD9-EE5BCA75FD2A}.Release|x64.Build.0 = Release|Any CPU
		{5F69499B-D5AF-4788-ADD9-EE5BCA75FD2A}.Release|x86.ActiveCfg = Release|Any CPU
		{5F69499B-D5AF-4788-ADD9-EE5BCA75FD2A}.Release|x86.Build.0 = Release|Any CPU
		{F301255F-2A67-4B8E-9F0F-7BC0A7D1C972}.Debug|Any CPU.ActiveCfg = Debug|Any CPU
		{F301255F-2A67-4B8E-9F0F-7BC0A7D1C972}.Debug|Any CPU.Build.0 = Debug|Any CPU
		{F301255F-2A67-4B8E-9F0F-7BC0A7D1C972}.Debug|x64.ActiveCfg = Debug|Any CPU
		{F301255F-2A67-4B8E-9F0F-7BC0A7D1C972}.Debug|x64.Build.0 = Debug|Any CPU
		{F301255F-2A67-4B8E-9F0F-7BC0A7D1C972}.Debug|x86.ActiveCfg = Debug|Any CPU
		{F301255F-2A67-4B8E-9F0F-7BC0A7D1C972}.Debug|x86.Build.0 = Debug|Any CPU
		{F301255F-2A67-4B8E-9F0F-7BC0A7D1C972}.Release|Any CPU.ActiveCfg = Release|Any CPU
		{F301255F-2A67-4B8E-9F0F-7BC0A7D1C972}.Release|Any CPU.Build.0 = Release|Any CPU
		{F301255F-2A67-4B8E-9F0F-7BC0A7D1C972}.Release|x64.ActiveCfg = Release|Any CPU
		{F301255F-2A67-4B8E-9F0F-7BC0A7D1C972}.Release|x64.Build.0 = Release|Any CPU
		{F301255F-2A67-4B8E-9F0F-7BC0A7D1C972}.Release|x86.ActiveCfg = Release|Any CPU
		{F301255F-2A67-4B8E-9F0F-7BC0A7D1C972}.Release|x86.Build.0 = Release|Any CPU
	EndGlobalSection
	GlobalSection(SolutionProperties) = preSolution
		HideSolutionNode = FALSE
	EndGlobalSection
	GlobalSection(ExtensibilityGlobals) = postSolution
		SolutionGuid = {3C889B70-E880-42A5-B6B1-3F2E7BB4C7AE}
	EndGlobalSection
EndGlobal
